PODS:
  - boost-for-react-native (1.63.0)
  - BVLinearGradient (2.6.2):
    - React-Core
  - DoubleConversion (1.1.6)
  - FBLazyVector (0.63.5)
  - FBReactNativeSpec (0.63.5):
    - Folly (= 2020.01.13.00)
    - RCTRequired (= 0.63.5)
    - RCTTypeSafety (= 0.63.5)
    - React-Core (= 0.63.5)
    - React-jsi (= 0.63.5)
    - ReactCommon/turbomodule/core (= 0.63.5)
  - Firebase/Analytics (9.3.0):
    - Firebase/Core
  - Firebase/Core (9.3.0):
    - Firebase/CoreOnly
    - FirebaseAnalytics (~> 9.3.0)
  - Firebase/CoreOnly (9.3.0):
    - FirebaseCore (= 9.3.0)
  - FirebaseAnalytics (9.3.0):
    - FirebaseAnalytics/AdIdSupport (= 9.3.0)
    - FirebaseCore (~> 9.0)
    - FirebaseInstallations (~> 9.0)
    - GoogleUtilities/AppDelegateSwizzler (~> 7.7)
    - GoogleUtilities/MethodSwizzler (~> 7.7)
    - GoogleUtilities/Network (~> 7.7)
    - "GoogleUtilities/NSData+zlib (~> 7.7)"
    - nanopb (< 2.30910.0, >= 2.30908.0)
  - FirebaseAnalytics/AdIdSupport (9.3.0):
    - FirebaseCore (~> 9.0)
    - FirebaseInstallations (~> 9.0)
    - GoogleAppMeasurement (= 9.3.0)
    - GoogleUtilities/AppDelegateSwizzler (~> 7.7)
    - GoogleUtilities/MethodSwizzler (~> 7.7)
    - GoogleUtilities/Network (~> 7.7)
    - "GoogleUtilities/NSData+zlib (~> 7.7)"
    - nanopb (< 2.30910.0, >= 2.30908.0)
  - FirebaseCore (9.3.0):
    - FirebaseCoreDiagnostics (~> 9.0)
    - FirebaseCoreInternal (~> 9.0)
    - GoogleUtilities/Environment (~> 7.7)
    - GoogleUtilities/Logger (~> 7.7)
  - FirebaseCoreDiagnostics (9.3.0):
    - GoogleDataTransport (< 10.0.0, >= 9.1.4)
    - GoogleUtilities/Environment (~> 7.7)
    - GoogleUtilities/Logger (~> 7.7)
    - nanopb (< 2.30910.0, >= 2.30908.0)
  - FirebaseCoreInternal (9.3.0):
    - "GoogleUtilities/NSData+zlib (~> 7.7)"
  - FirebaseInstallations (9.3.0):
    - FirebaseCore (~> 9.0)
    - GoogleUtilities/Environment (~> 7.7)
    - GoogleUtilities/UserDefaults (~> 7.7)
    - PromisesObjC (~> 2.1)
  - Folly (2020.01.13.00):
    - boost-for-react-native
    - DoubleConversion
    - Folly/Default (= 2020.01.13.00)
    - glog
  - Folly/Default (2020.01.13.00):
    - boost-for-react-native
    - DoubleConversion
    - glog
  - glog (0.3.5)
  - GoogleAppMeasurement (9.3.0):
    - GoogleAppMeasurement/AdIdSupport (= 9.3.0)
    - GoogleUtilities/AppDelegateSwizzler (~> 7.7)
    - GoogleUtilities/MethodSwizzler (~> 7.7)
    - GoogleUtilities/Network (~> 7.7)
    - "GoogleUtilities/NSData+zlib (~> 7.7)"
    - nanopb (< 2.30910.0, >= 2.30908.0)
  - GoogleAppMeasurement/AdIdSupport (9.3.0):
    - GoogleAppMeasurement/WithoutAdIdSupport (= 9.3.0)
    - GoogleUtilities/AppDelegateSwizzler (~> 7.7)
    - GoogleUtilities/MethodSwizzler (~> 7.7)
    - GoogleUtilities/Network (~> 7.7)
    - "GoogleUtilities/NSData+zlib (~> 7.7)"
    - nanopb (< 2.30910.0, >= 2.30908.0)
  - GoogleAppMeasurement/WithoutAdIdSupport (9.3.0):
    - GoogleUtilities/AppDelegateSwizzler (~> 7.7)
    - GoogleUtilities/MethodSwizzler (~> 7.7)
    - GoogleUtilities/Network (~> 7.7)
    - "GoogleUtilities/NSData+zlib (~> 7.7)"
    - nanopb (< 2.30910.0, >= 2.30908.0)
  - GoogleDataTransport (9.2.0):
    - GoogleUtilities/Environment (~> 7.7)
    - nanopb (< 2.30910.0, >= 2.30908.0)
    - PromisesObjC (< 3.0, >= 1.2)
  - GoogleUtilities/AppDelegateSwizzler (7.7.0):
    - GoogleUtilities/Environment
    - GoogleUtilities/Logger
    - GoogleUtilities/Network
  - GoogleUtilities/Environment (7.7.0):
    - PromisesObjC (< 3.0, >= 1.2)
  - GoogleUtilities/Logger (7.7.0):
    - GoogleUtilities/Environment
  - GoogleUtilities/MethodSwizzler (7.7.0):
    - GoogleUtilities/Logger
  - GoogleUtilities/Network (7.7.0):
    - GoogleUtilities/Logger
    - "GoogleUtilities/NSData+zlib"
    - GoogleUtilities/Reachability
  - "GoogleUtilities/NSData+zlib (7.7.0)"
  - GoogleUtilities/Reachability (7.7.0):
    - GoogleUtilities/Logger
  - GoogleUtilities/UserDefaults (7.7.0):
    - GoogleUtilities/Logger
  - nanopb (2.30909.0):
    - nanopb/decode (= 2.30909.0)
    - nanopb/encode (= 2.30909.0)
  - nanopb/decode (2.30909.0)
  - nanopb/encode (2.30909.0)
  - PromisesObjC (2.1.1)
  - RCTRequired (0.63.5)
  - RCTTypeSafety (0.63.5):
    - FBLazyVector (= 0.63.5)
    - Folly (= 2020.01.13.00)
    - RCTRequired (= 0.63.5)
    - React-Core (= 0.63.5)
  - React (0.63.5):
    - React-Core (= 0.63.5)
    - React-Core/DevSupport (= 0.63.5)
    - React-Core/RCTWebSocket (= 0.63.5)
    - React-RCTActionSheet (= 0.63.5)
    - React-RCTAnimation (= 0.63.5)
    - React-RCTBlob (= 0.63.5)
    - React-RCTImage (= 0.63.5)
    - React-RCTLinking (= 0.63.5)
    - React-RCTNetwork (= 0.63.5)
    - React-RCTSettings (= 0.63.5)
    - React-RCTText (= 0.63.5)
    - React-RCTVibration (= 0.63.5)
  - React-callinvoker (0.63.5)
  - React-Core (0.63.5):
    - Folly (= 2020.01.13.00)
    - glog
    - React-Core/Default (= 0.63.5)
    - React-cxxreact (= 0.63.5)
    - React-jsi (= 0.63.5)
    - React-jsiexecutor (= 0.63.5)
    - Yoga
  - React-Core/CoreModulesHeaders (0.63.5):
    - Folly (= 2020.01.13.00)
    - glog
    - React-Core/Default
    - React-cxxreact (= 0.63.5)
    - React-jsi (= 0.63.5)
    - React-jsiexecutor (= 0.63.5)
    - Yoga
  - React-Core/Default (0.63.5):
    - Folly (= 2020.01.13.00)
    - glog
    - React-cxxreact (= 0.63.5)
    - React-jsi (= 0.63.5)
    - React-jsiexecutor (= 0.63.5)
    - Yoga
  - React-Core/DevSupport (0.63.5):
    - Folly (= 2020.01.13.00)
    - glog
    - React-Core/Default (= 0.63.5)
    - React-Core/RCTWebSocket (= 0.63.5)
    - React-cxxreact (= 0.63.5)
    - React-jsi (= 0.63.5)
    - React-jsiexecutor (= 0.63.5)
    - React-jsinspector (= 0.63.5)
    - Yoga
  - React-Core/RCTActionSheetHeaders (0.63.5):
    - Folly (= 2020.01.13.00)
    - glog
    - React-Core/Default
    - React-cxxreact (= 0.63.5)
    - React-jsi (= 0.63.5)
    - React-jsiexecutor (= 0.63.5)
    - Yoga
  - React-Core/RCTAnimationHeaders (0.63.5):
    - Folly (= 2020.01.13.00)
    - glog
    - React-Core/Default
    - React-cxxreact (= 0.63.5)
    - React-jsi (= 0.63.5)
    - React-jsiexecutor (= 0.63.5)
    - Yoga
  - React-Core/RCTBlobHeaders (0.63.5):
    - Folly (= 2020.01.13.00)
    - glog
    - React-Core/Default
    - React-cxxreact (= 0.63.5)
    - React-jsi (= 0.63.5)
    - React-jsiexecutor (= 0.63.5)
    - Yoga
  - React-Core/RCTImageHeaders (0.63.5):
    - Folly (= 2020.01.13.00)
    - glog
    - React-Core/Default
    - React-cxxreact (= 0.63.5)
    - React-jsi (= 0.63.5)
    - React-jsiexecutor (= 0.63.5)
    - Yoga
  - React-Core/RCTLinkingHeaders (0.63.5):
    - Folly (= 2020.01.13.00)
    - glog
    - React-Core/Default
    - React-cxxreact (= 0.63.5)
    - React-jsi (= 0.63.5)
    - React-jsiexecutor (= 0.63.5)
    - Yoga
  - React-Core/RCTNetworkHeaders (0.63.5):
    - Folly (= 2020.01.13.00)
    - glog
    - React-Core/Default
    - React-cxxreact (= 0.63.5)
    - React-jsi (= 0.63.5)
    - React-jsiexecutor (= 0.63.5)
    - Yoga
  - React-Core/RCTSettingsHeaders (0.63.5):
    - Folly (= 2020.01.13.00)
    - glog
    - React-Core/Default
    - React-cxxreact (= 0.63.5)
    - React-jsi (= 0.63.5)
    - React-jsiexecutor (= 0.63.5)
    - Yoga
  - React-Core/RCTTextHeaders (0.63.5):
    - Folly (= 2020.01.13.00)
    - glog
    - React-Core/Default
    - React-cxxreact (= 0.63.5)
    - React-jsi (= 0.63.5)
    - React-jsiexecutor (= 0.63.5)
    - Yoga
  - React-Core/RCTVibrationHeaders (0.63.5):
    - Folly (= 2020.01.13.00)
    - glog
    - React-Core/Default
    - React-cxxreact (= 0.63.5)
    - React-jsi (= 0.63.5)
    - React-jsiexecutor (= 0.63.5)
    - Yoga
  - React-Core/RCTWebSocket (0.63.5):
    - Folly (= 2020.01.13.00)
    - glog
    - React-Core/Default (= 0.63.5)
    - React-cxxreact (= 0.63.5)
    - React-jsi (= 0.63.5)
    - React-jsiexecutor (= 0.63.5)
    - Yoga
  - React-CoreModules (0.63.5):
    - FBReactNativeSpec (= 0.63.5)
    - Folly (= 2020.01.13.00)
    - RCTTypeSafety (= 0.63.5)
    - React-Core/CoreModulesHeaders (= 0.63.5)
    - React-jsi (= 0.63.5)
    - React-RCTImage (= 0.63.5)
    - ReactCommon/turbomodule/core (= 0.63.5)
  - React-cxxreact (0.63.5):
    - boost-for-react-native (= 1.63.0)
    - DoubleConversion
    - Folly (= 2020.01.13.00)
    - glog
    - React-callinvoker (= 0.63.5)
    - React-jsinspector (= 0.63.5)
  - React-jsi (0.63.5):
    - boost-for-react-native (= 1.63.0)
    - DoubleConversion
    - Folly (= 2020.01.13.00)
    - glog
    - React-jsi/Default (= 0.63.5)
  - React-jsi/Default (0.63.5):
    - boost-for-react-native (= 1.63.0)
    - DoubleConversion
    - Folly (= 2020.01.13.00)
    - glog
  - React-jsiexecutor (0.63.5):
    - DoubleConversion
    - Folly (= 2020.01.13.00)
    - glog
    - React-cxxreact (= 0.63.5)
    - React-jsi (= 0.63.5)
  - React-jsinspector (0.63.5)
  - react-native-html-to-pdf (0.12.0):
    - React-Core
  - react-native-print (0.11.0):
    - React-Core
  - react-native-safe-area-context (3.2.0):
    - React-Core
  - react-native-splash-screen (3.3.0):
    - React-Core
  - react-native-webview (11.2.3):
    - React-Core
  - React-RCTActionSheet (0.63.5):
    - React-Core/RCTActionSheetHeaders (= 0.63.5)
  - React-RCTAnimation (0.63.5):
    - FBReactNativeSpec (= 0.63.5)
    - Folly (= 2020.01.13.00)
    - RCTTypeSafety (= 0.63.5)
    - React-Core/RCTAnimationHeaders (= 0.63.5)
    - React-jsi (= 0.63.5)
    - ReactCommon/turbomodule/core (= 0.63.5)
  - React-RCTBlob (0.63.5):
    - FBReactNativeSpec (= 0.63.5)
    - Folly (= 2020.01.13.00)
    - React-Core/RCTBlobHeaders (= 0.63.5)
    - React-Core/RCTWebSocket (= 0.63.5)
    - React-jsi (= 0.63.5)
    - React-RCTNetwork (= 0.63.5)
    - ReactCommon/turbomodule/core (= 0.63.5)
  - React-RCTImage (0.63.5):
    - FBReactNativeSpec (= 0.63.5)
    - Folly (= 2020.01.13.00)
    - RCTTypeSafety (= 0.63.5)
    - React-Core/RCTImageHeaders (= 0.63.5)
    - React-jsi (= 0.63.5)
    - React-RCTNetwork (= 0.63.5)
    - ReactCommon/turbomodule/core (= 0.63.5)
  - React-RCTLinking (0.63.5):
    - FBReactNativeSpec (= 0.63.5)
    - React-Core/RCTLinkingHeaders (= 0.63.5)
    - React-jsi (= 0.63.5)
    - ReactCommon/turbomodule/core (= 0.63.5)
  - React-RCTNetwork (0.63.5):
    - FBReactNativeSpec (= 0.63.5)
    - Folly (= 2020.01.13.00)
    - RCTTypeSafety (= 0.63.5)
    - React-Core/RCTNetworkHeaders (= 0.63.5)
    - React-jsi (= 0.63.5)
    - ReactCommon/turbomodule/core (= 0.63.5)
  - React-RCTSettings (0.63.5):
    - FBReactNativeSpec (= 0.63.5)
    - Folly (= 2020.01.13.00)
    - RCTTypeSafety (= 0.63.5)
    - React-Core/RCTSettingsHeaders (= 0.63.5)
    - React-jsi (= 0.63.5)
    - ReactCommon/turbomodule/core (= 0.63.5)
  - React-RCTText (0.63.5):
    - React-Core/RCTTextHeaders (= 0.63.5)
  - React-RCTVibration (0.63.5):
    - FBReactNativeSpec (= 0.63.5)
    - Folly (= 2020.01.13.00)
    - React-Core/RCTVibrationHeaders (= 0.63.5)
    - React-jsi (= 0.63.5)
    - ReactCommon/turbomodule/core (= 0.63.5)
  - ReactCommon/turbomodule/core (0.63.5):
    - DoubleConversion
    - Folly (= 2020.01.13.00)
    - glog
    - React-callinvoker (= 0.63.5)
    - React-Core (= 0.63.5)
    - React-cxxreact (= 0.63.5)
    - React-jsi (= 0.63.5)
  - RNCAsyncStorage (1.17.11):
    - React-Core
  - RNCMaskedView (0.2.2):
    - React-Core
  - RNFBAnalytics (15.2.0):
    - Firebase/Analytics (= 9.3.0)
    - React-Core
    - RNFBApp
  - RNFBApp (15.2.0):
    - Firebase/CoreOnly (= 9.3.0)
    - React-Core
  - RNFileViewer (2.1.4):
    - React-Core
  - RNFS (2.20.0):
    - React-Core
  - RNGestureHandler (1.10.3):
    - React-Core
  - RNKeychain (8.0.0):
    - React-Core
  - RNReanimated (1.13.2):
    - React-Core
  - RNScreens (3.13.1):
    - React-Core
    - React-RCTImage
  - RNSVG (12.4.0):
    - React-Core
  - Yoga (1.14.0)

DEPENDENCIES:
  - BVLinearGradient (from `../node_modules/react-native-linear-gradient`)
  - DoubleConversion (from `../node_modules/react-native/third-party-podspecs/DoubleConversion.podspec`)
  - FBLazyVector (from `../node_modules/react-native/Libraries/FBLazyVector`)
  - FBReactNativeSpec (from `../node_modules/react-native/Libraries/FBReactNativeSpec`)
  - Folly (from `../node_modules/react-native/third-party-podspecs/Folly.podspec`)
  - glog (from `../node_modules/react-native/third-party-podspecs/glog.podspec`)
  - RCTRequired (from `../node_modules/react-native/Libraries/RCTRequired`)
  - RCTTypeSafety (from `../node_modules/react-native/Libraries/TypeSafety`)
  - React (from `../node_modules/react-native/`)
  - React-callinvoker (from `../node_modules/react-native/ReactCommon/callinvoker`)
  - React-Core (from `../node_modules/react-native/`)
  - React-Core/DevSupport (from `../node_modules/react-native/`)
  - React-Core/RCTWebSocket (from `../node_modules/react-native/`)
  - React-CoreModules (from `../node_modules/react-native/React/CoreModules`)
  - React-cxxreact (from `../node_modules/react-native/ReactCommon/cxxreact`)
  - React-jsi (from `../node_modules/react-native/ReactCommon/jsi`)
  - React-jsiexecutor (from `../node_modules/react-native/ReactCommon/jsiexecutor`)
  - React-jsinspector (from `../node_modules/react-native/ReactCommon/jsinspector`)
  - react-native-html-to-pdf (from `../node_modules/react-native-html-to-pdf`)
  - react-native-print (from `../node_modules/react-native-print`)
  - react-native-safe-area-context (from `../node_modules/react-native-safe-area-context`)
  - react-native-splash-screen (from `../node_modules/react-native-splash-screen`)
  - react-native-webview (from `../node_modules/react-native-webview`)
  - React-RCTActionSheet (from `../node_modules/react-native/Libraries/ActionSheetIOS`)
  - React-RCTAnimation (from `../node_modules/react-native/Libraries/NativeAnimation`)
  - React-RCTBlob (from `../node_modules/react-native/Libraries/Blob`)
  - React-RCTImage (from `../node_modules/react-native/Libraries/Image`)
  - React-RCTLinking (from `../node_modules/react-native/Libraries/LinkingIOS`)
  - React-RCTNetwork (from `../node_modules/react-native/Libraries/Network`)
  - React-RCTSettings (from `../node_modules/react-native/Libraries/Settings`)
  - React-RCTText (from `../node_modules/react-native/Libraries/Text`)
  - React-RCTVibration (from `../node_modules/react-native/Libraries/Vibration`)
  - ReactCommon/turbomodule/core (from `../node_modules/react-native/ReactCommon`)
  - "RNCAsyncStorage (from `../node_modules/@react-native-async-storage/async-storage`)"
  - "RNCMaskedView (from `../node_modules/@react-native-masked-view/masked-view`)"
  - "RNFBAnalytics (from `../node_modules/@react-native-firebase/analytics`)"
  - "RNFBApp (from `../node_modules/@react-native-firebase/app`)"
  - RNFileViewer (from `../node_modules/react-native-file-viewer`)
  - RNFS (from `../node_modules/react-native-fs`)
  - RNGestureHandler (from `../node_modules/react-native-gesture-handler`)
  - RNKeychain (from `../node_modules/react-native-keychain`)
  - RNReanimated (from `../node_modules/react-native-reanimated`)
  - RNScreens (from `../node_modules/react-native-screens`)
  - RNSVG (from `../node_modules/react-native-svg`)
  - Yoga (from `../node_modules/react-native/ReactCommon/yoga`)

SPEC REPOS:
  trunk:
    - boost-for-react-native
    - Firebase
    - FirebaseAnalytics
    - FirebaseCore
    - FirebaseCoreDiagnostics
    - FirebaseCoreInternal
    - FirebaseInstallations
    - GoogleAppMeasurement
    - GoogleDataTransport
    - GoogleUtilities
    - nanopb
    - PromisesObjC

EXTERNAL SOURCES:
  BVLinearGradient:
    :path: "../node_modules/react-native-linear-gradient"
  DoubleConversion:
    :podspec: "../node_modules/react-native/third-party-podspecs/DoubleConversion.podspec"
  FBLazyVector:
    :path: "../node_modules/react-native/Libraries/FBLazyVector"
  FBReactNativeSpec:
    :path: "../node_modules/react-native/Libraries/FBReactNativeSpec"
  Folly:
    :podspec: "../node_modules/react-native/third-party-podspecs/Folly.podspec"
  glog:
    :podspec: "../node_modules/react-native/third-party-podspecs/glog.podspec"
  RCTRequired:
    :path: "../node_modules/react-native/Libraries/RCTRequired"
  RCTTypeSafety:
    :path: "../node_modules/react-native/Libraries/TypeSafety"
  React:
    :path: "../node_modules/react-native/"
  React-callinvoker:
    :path: "../node_modules/react-native/ReactCommon/callinvoker"
  React-Core:
    :path: "../node_modules/react-native/"
  React-CoreModules:
    :path: "../node_modules/react-native/React/CoreModules"
  React-cxxreact:
    :path: "../node_modules/react-native/ReactCommon/cxxreact"
  React-jsi:
    :path: "../node_modules/react-native/ReactCommon/jsi"
  React-jsiexecutor:
    :path: "../node_modules/react-native/ReactCommon/jsiexecutor"
  React-jsinspector:
    :path: "../node_modules/react-native/ReactCommon/jsinspector"
  react-native-html-to-pdf:
    :path: "../node_modules/react-native-html-to-pdf"
  react-native-print:
    :path: "../node_modules/react-native-print"
  react-native-safe-area-context:
    :path: "../node_modules/react-native-safe-area-context"
  react-native-splash-screen:
    :path: "../node_modules/react-native-splash-screen"
  react-native-webview:
    :path: "../node_modules/react-native-webview"
  React-RCTActionSheet:
    :path: "../node_modules/react-native/Libraries/ActionSheetIOS"
  React-RCTAnimation:
    :path: "../node_modules/react-native/Libraries/NativeAnimation"
  React-RCTBlob:
    :path: "../node_modules/react-native/Libraries/Blob"
  React-RCTImage:
    :path: "../node_modules/react-native/Libraries/Image"
  React-RCTLinking:
    :path: "../node_modules/react-native/Libraries/LinkingIOS"
  React-RCTNetwork:
    :path: "../node_modules/react-native/Libraries/Network"
  React-RCTSettings:
    :path: "../node_modules/react-native/Libraries/Settings"
  React-RCTText:
    :path: "../node_modules/react-native/Libraries/Text"
  React-RCTVibration:
    :path: "../node_modules/react-native/Libraries/Vibration"
  ReactCommon:
    :path: "../node_modules/react-native/ReactCommon"
  RNCAsyncStorage:
    :path: "../node_modules/@react-native-async-storage/async-storage"
  RNCMaskedView:
    :path: "../node_modules/@react-native-masked-view/masked-view"
  RNFBAnalytics:
    :path: "../node_modules/@react-native-firebase/analytics"
  RNFBApp:
    :path: "../node_modules/@react-native-firebase/app"
  RNFileViewer:
    :path: "../node_modules/react-native-file-viewer"
  RNFS:
    :path: "../node_modules/react-native-fs"
  RNGestureHandler:
    :path: "../node_modules/react-native-gesture-handler"
  RNKeychain:
    :path: "../node_modules/react-native-keychain"
  RNReanimated:
    :path: "../node_modules/react-native-reanimated"
  RNScreens:
    :path: "../node_modules/react-native-screens"
  RNSVG:
    :path: "../node_modules/react-native-svg"
  Yoga:
    :path: "../node_modules/react-native/ReactCommon/yoga"

SPEC CHECKSUMS:
  boost-for-react-native: 39c7adb57c4e60d6c5479dd8623128eb5b3f0f2c
  BVLinearGradient: 34a999fda29036898a09c6a6b728b0b4189e1a44
  DoubleConversion: cde416483dac037923206447da6e1454df403714
  FBLazyVector: 352a8ca9bbc8e2f097d680747a8c97ecef12d469
  FBReactNativeSpec: 7dfb84f624136a45727c813ed21d130cd3e61beb
  Firebase: ef75abb1cdbc746d5a38f4e26c422c807b189b8c
  FirebaseAnalytics: bf46f5163f44097ce2c789de0b3e6f87f1da834a
  FirebaseCore: c088995ece701a021a48a1348ea0174877de2a6a
  FirebaseCoreDiagnostics: 060eb57cc56dfaf40b1b1b5874a5c17c41ce79f8
  FirebaseCoreInternal: 635d1c9a612a6502b6377a0c92af83758076ffff
  FirebaseInstallations: 54b40022cb06e462740c9f2b9fbe38b5e78a825a
  Folly: b73c3869541e86821df3c387eb0af5f65addfab4
  glog: 40a13f7840415b9a77023fbcae0f1e6f43192af3
  GoogleAppMeasurement: b907bdad775b6975a8108762345b2cfbf1a93c37
  GoogleDataTransport: 1c8145da7117bd68bbbed00cf304edb6a24de00f
  GoogleUtilities: e0913149f6b0625b553d70dae12b49fc62914fd1
  nanopb: b552cce312b6c8484180ef47159bc0f65a1f0431
  PromisesObjC: ab77feca74fa2823e7af4249b8326368e61014cb
  RCTRequired: 5520387431beaa5f32aa8726bf746cd5353119fe
  RCTTypeSafety: bc90d6e287fa427c50ed770922bac30faf0bbfa3
  React: 83a7f231f462b09260a53c5c51005e7659c66890
  React-callinvoker: 1c3fdb5562c792212e149637b8a167516bb4b58e
  React-Core: 8baca8644a516e772c77e3923697cfe2b58c1606
  React-CoreModules: 200c931e17b332024c2e9d878f67b87c00c2c83b
  React-cxxreact: 9096ebaeebf6a1475a14448fa8bfc380c13d7882
  React-jsi: 7d908b17758178b076a05a254523f1a4227b53d2
  React-jsiexecutor: e06a32e42affb2bd89e4c8369349b5fcf787710c
  React-jsinspector: fdbc08866b34ae8e1b788ea1cbd9f9d1ca2aa3d6
  react-native-html-to-pdf: 4c5c6e26819fe202971061594058877aa9b25265
  react-native-print: f704aef52d931bfce6d1d84351dbb5232d7ecb89
  react-native-safe-area-context: f0906bf8bc9835ac9a9d3f97e8bde2a997d8da79
  react-native-splash-screen: 4312f786b13a81b5169ef346d76d33bc0c6dc457
  react-native-webview: 6520e3e7b4933de76b95ef542c8d7115cf45b68e
  React-RCTActionSheet: e911b99f0d6fa7711ffc2f62d236b12a32771835
  React-RCTAnimation: ad8b853170a059faf31d6add34f67d22391bbe01
  React-RCTBlob: 134c7270b6672c9c05383b2e0f7f044ba39d7dda
  React-RCTImage: c5c74ba8850a193d73aef8efb8fcbb4f9cad7653
  React-RCTLinking: 12468e952704555c8cb4e3de94c7b5a266811326
  React-RCTNetwork: e9cfaeb9f3657ae91f895e798734141db6e1af5b
  React-RCTSettings: 9a09419bd5e8494f6e146e2c9f5c8e2c6e90ed58
  React-RCTText: 393f059d7ec02c733da57240694201e734f0dc84
  React-RCTVibration: 3e83f53610d63d3c1fc4db303305e934e73047cc
  ReactCommon: b9ff54b6dd22ba4a776eda22d7f83ec27544ca35
  RNCAsyncStorage: 8616bd5a58af409453ea4e1b246521bb76578d60
  RNCMaskedView: 87b54b03b0e48e1c30148f9ed413374721ec1e80
  RNFBAnalytics: fc85d9405232a3b6d913b48baa58da39f1da52bf
  RNFBApp: c9723c07e0a315538dfc9deea60ffb072b2f44d6
  RNFileViewer: 83cc066ad795b1f986791d03b56fe0ee14b6a69f
  RNFS: 4ac0f0ea233904cb798630b3c077808c06931688
  RNGestureHandler: a479ebd5ed4221a810967000735517df0d2db211
  RNKeychain: 4f63aada75ebafd26f4bc2c670199461eab85d94
  RNReanimated: e03f7425cb7a38dcf1b644d680d1bfc91c3337ad
  RNScreens: 40a2cb40a02a609938137a1e0acfbf8fc9eebf19
  RNSVG: 3dd44d99d1c18e1342aee4bfa53ab3f6a8c4865f
  Yoga: 0276e9f20976c8568e107cfc1163a8629051adc0

PODFILE CHECKSUM: fda163973fe3bff53645db6e5483ffb637fd370c

COCOAPODS: 1.10.2
